
Microsoft Visual Studio Solution File, Format Version 12.00
# Visual Studio Version 17
VisualStudioVersion = 17.8.34525.116
MinimumVisualStudioVersion = 10.0.40219.1
Project("{FAE04EC0-301F-11D3-BF4B-00C04F79EFBC}") = "Vizsga_Remek_Asztali_Alkalmazas", "Vizsga_Remek_Asztali_Alkalmazas\Vizsga_Remek_Asztali_Alkalmazas.csproj", "{81A618C3-5B8A-4E12-9BCF-2123D661C96E}"
EndProject
Global
	GlobalSection(SolutionConfigurationPlatforms) = preSolution
		Debug|Any CPU = Debug|Any CPU
		Release|Any CPU = Release|Any CPU
	EndGlobalSection
	GlobalSection(ProjectConfigurationPlatforms) = postSolution
		{81A618C3-5B8A-4E12-9BCF-2123D661C96E}.Debug|Any CPU.ActiveCfg = Debug|Any CPU
		{81A618C3-5B8A-4E12-9BCF-2123D661C96E}.Debug|Any CPU.Build.0 = Debug|Any CPU
		{81A618C3-5B8A-4E12-9BCF-2123D661C96E}.Release|Any CPU.ActiveCfg = Release|Any CPU
		{81A618C3-5B8A-4E12-9BCF-2123D661C96E}.Release|Any CPU.Build.0 = Release|Any CPU
	EndGlobalSection
	GlobalSection(SolutionProperties) = preSolution
		HideSolutionNode = FALSE
	EndGlobalSection
	GlobalSection(ExtensibilityGlobals) = postSolution
		SolutionGuid = {3FC3D634-231F-4EE6-9137-7D84361EB7EF}
	EndGlobalSection
EndGlobal
